
Microsoft Visual Studio Solution File, Format Version 12.00
# Visual Studio Version 17
VisualStudioVersion = 17.14.36623.8
MinimumVisualStudioVersion = 10.0.40219.1
Project("{FAE04EC0-301F-11D3-BF4B-00C04F79EFBC}") = "Clock", "Clock\Clock.csproj", "{77690847-24DA-4874-88C0-2D35CE25D702}"
EndProject
Project("{54435603-DBB4-11D2-8724-00A0C9A8B90C}") = "ClockSetup", "ClockSetup\ClockSetup.vdproj", "{3463BC7A-BE01-AE0C-1945-5E13E2087DD9}"
EndProject
Global
	GlobalSection(SolutionConfigurationPlatforms) = preSolution
		Debug|Any CPU = Debug|Any CPU
		Release|Any CPU = Release|Any CPU
	EndGlobalSection
	GlobalSection(ProjectConfigurationPlatforms) = postSolution
		{77690847-24DA-4874-88C0-2D35CE25D702}.Debug|Any CPU.ActiveCfg = Debug|Any CPU
		{77690847-24DA-4874-88C0-2D35CE25D702}.Debug|Any CPU.Build.0 = Debug|Any CPU
		{77690847-24DA-4874-88C0-2D35CE25D702}.Release|Any CPU.ActiveCfg = Release|Any CPU
		{77690847-24DA-4874-88C0-2D35CE25D702}.Release|Any CPU.Build.0 = Release|Any CPU
		{3463BC7A-BE01-AE0C-1945-5E13E2087DD9}.Debug|Any CPU.ActiveCfg = Debug
		{3463BC7A-BE01-AE0C-1945-5E13E2087DD9}.Release|Any CPU.ActiveCfg = Release
		{3463BC7A-BE01-AE0C-1945-5E13E2087DD9}.Release|Any CPU.Build.0 = Release
	EndGlobalSection
	GlobalSection(SolutionProperties) = preSolution
		HideSolutionNode = FALSE
	EndGlobalSection
	GlobalSection(ExtensibilityGlobals) = postSolution
		SolutionGuid = {2B9C8BBE-A430-446E-849C-A16130EE6BAC}
	EndGlobalSection
EndGlobal
